
Microsoft Visual Studio Solution File, Format Version 12.00
# Visual Studio 15
VisualStudioVersion = 15.0.27004.2008
MinimumVisualStudioVersion = 10.0.40219.1
Project("{FAE04EC0-301F-11D3-BF4B-00C04F79EFBC}") = "Dpint_wk456_KoffieMachine", "Dpint_wk456_KoffieMachine\Dpint_wk456_KoffieMachine.csproj", "{F2D80571-282E-4303-BE9A-9B547302CFED}"
EndProject
Project("{FAE04EC0-301F-11D3-BF4B-00C04F79EFBC}") = "KoffieMachineDomain", "KoffieMachineDomain\KoffieMachineDomain.csproj", "{5964E0CE-DED2-43D3-89A8-1C6F0C483198}"
EndProject
Global
	GlobalSection(SolutionConfigurationPlatforms) = preSolution
		Debug|Any CPU = Debug|Any CPU
		Release|Any CPU = Release|Any CPU
	EndGlobalSection
	GlobalSection(ProjectConfigurationPlatforms) = postSolution
		{F2D80571-282E-4303-BE9A-9B547302CFED}.Debug|Any CPU.ActiveCfg = Debug|Any CPU
		{F2D80571-282E-4303-BE9A-9B547302CFED}.Debug|Any CPU.Build.0 = Debug|Any CPU
		{F2D80571-282E-4303-BE9A-9B547302CFED}.Release|Any CPU.ActiveCfg = Release|Any CPU
		{F2D80571-282E-4303-BE9A-9B547302CFED}.Release|Any CPU.Build.0 = Release|Any CPU
		{5964E0CE-DED2-43D3-89A8-1C6F0C483198}.Debug|Any CPU.ActiveCfg = Debug|Any CPU
		{5964E0CE-DED2-43D3-89A8-1C6F0C483198}.Debug|Any CPU.Build.0 = Debug|Any CPU
		{5964E0CE-DED2-43D3-89A8-1C6F0C483198}.Release|Any CPU.ActiveCfg = Release|Any CPU
		{5964E0CE-DED2-43D3-89A8-1C6F0C483198}.Release|Any CPU.Build.0 = Release|Any CPU
	EndGlobalSection
	GlobalSection(SolutionProperties) = preSolution
		HideSolutionNode = FALSE
	EndGlobalSection
	GlobalSection(ExtensibilityGlobals) = postSolution
		SolutionGuid = {94DC89BE-E718-4EB0-B211-CA769FE8D39B}
	EndGlobalSection
EndGlobal
